
Microsoft Visual Studio Solution File, Format Version 12.00
# Visual Studio Version 16
VisualStudioVersion = 16.0.31205.134
MinimumVisualStudioVersion = 10.0.40219.1
Project("{9A19103F-16F7-4668-BE54-9A1E7A4F7556}") = "TournamentParser", "TournamentParser\TournamentParser.csproj", "{CC508238-6844-4454-9421-ADCC2052EE66}"
EndProject
Global
	GlobalSection(SolutionConfigurationPlatforms) = preSolution
		Debug|Any CPU = Debug|Any CPU
		Release|Any CPU = Release|Any CPU
	EndGlobalSection
	GlobalSection(ProjectConfigurationPlatforms) = postSolution
		{CC508238-6844-4454-9421-ADCC2052EE66}.Debug|Any CPU.ActiveCfg = Debug|Any CPU
		{CC508238-6844-4454-9421-ADCC2052EE66}.Debug|Any CPU.Build.0 = Debug|Any CPU
		{CC508238-6844-4454-9421-ADCC2052EE66}.Release|Any CPU.ActiveCfg = Release|Any CPU
		{CC508238-6844-4454-9421-ADCC2052EE66}.Release|Any CPU.Build.0 = Release|Any CPU
	EndGlobalSection
	GlobalSection(SolutionProperties) = preSolution
		HideSolutionNode = FALSE
	EndGlobalSection
	GlobalSection(ExtensibilityGlobals) = postSolution
		SolutionGuid = {58D71E62-43E7-4464-A56A-2DCF56AC306D}
	EndGlobalSection
EndGlobal
